
Microsoft Visual Studio Solution File, Format Version 12.00
# Visual Studio 15
VisualStudioVersion = 15.0.28307.168
MinimumVisualStudioVersion = 10.0.40219.1
Project("{FAE04EC0-301F-11D3-BF4B-00C04F79EFBC}") = "sweepStakes", "sweepStakes\sweepStakes.csproj", "{34B6C42D-CA4E-4CC1-9F8D-FE14524CCB53}"
EndProject
Global
	GlobalSection(SolutionConfigurationPlatforms) = preSolution
		Debug|Any CPU = Debug|Any CPU
		Release|Any CPU = Release|Any CPU
	EndGlobalSection
	GlobalSection(ProjectConfigurationPlatforms) = postSolution
		{34B6C42D-CA4E-4CC1-9F8D-FE14524CCB53}.Debug|Any CPU.ActiveCfg = Debug|Any CPU
		{34B6C42D-CA4E-4CC1-9F8D-FE14524CCB53}.Debug|Any CPU.Build.0 = Debug|Any CPU
		{34B6C42D-CA4E-4CC1-9F8D-FE14524CCB53}.Release|Any CPU.ActiveCfg = Release|Any CPU
		{34B6C42D-CA4E-4CC1-9F8D-FE14524CCB53}.Release|Any CPU.Build.0 = Release|Any CPU
	EndGlobalSection
	GlobalSection(SolutionProperties) = preSolution
		HideSolutionNode = FALSE
	EndGlobalSection
	GlobalSection(ExtensibilityGlobals) = postSolution
		SolutionGuid = {71A251F6-E2F3-4082-9BE8-70073E45A137}
	EndGlobalSection
EndGlobal
